
Microsoft Visual Studio Solution File, Format Version 12.00
# Visual Studio 2012
Project("{FAE04EC0-301F-11D3-BF4B-00C04F79EFBC}") = "EconduceDevLab.Android", "EconduceDevLab.Android\EconduceDevLab.Android.csproj", "{E08AFFCA-2A6C-4218-9AF2-A9A98D1AB467}"
EndProject
Project("{FAE04EC0-301F-11D3-BF4B-00C04F79EFBC}") = "EconduceDevLab.iOS", "EconduceDevLab.iOS\EconduceDevLab.iOS.csproj", "{000034F2-EA52-46AC-8CD3-79A1A405A812}"
EndProject
Project("{D954291E-2A0B-460D-934E-DC6B0785DB48}") = "EconduceDevLab", "EconduceDevLab\EconduceDevLab.shproj", "{303F566E-491C-40FE-BEC7-156F9AE03778}"
EndProject
Global
	GlobalSection(SolutionConfigurationPlatforms) = preSolution
		Debug|Any CPU = Debug|Any CPU
		Release|Any CPU = Release|Any CPU
		Debug|iPhoneSimulator = Debug|iPhoneSimulator
		Release|iPhoneSimulator = Release|iPhoneSimulator
		Debug|iPhone = Debug|iPhone
		Release|iPhone = Release|iPhone
		Ad-Hoc|iPhone = Ad-Hoc|iPhone
		AppStore|iPhone = AppStore|iPhone
	EndGlobalSection
	GlobalSection(ProjectConfigurationPlatforms) = postSolution
		{E08AFFCA-2A6C-4218-9AF2-A9A98D1AB467}.Debug|Any CPU.ActiveCfg = Debug|Any CPU
		{E08AFFCA-2A6C-4218-9AF2-A9A98D1AB467}.Debug|Any CPU.Build.0 = Debug|Any CPU
		{E08AFFCA-2A6C-4218-9AF2-A9A98D1AB467}.Release|Any CPU.ActiveCfg = Release|Any CPU
		{E08AFFCA-2A6C-4218-9AF2-A9A98D1AB467}.Release|Any CPU.Build.0 = Release|Any CPU
		{E08AFFCA-2A6C-4218-9AF2-A9A98D1AB467}.Debug|iPhoneSimulator.ActiveCfg = Debug|Any CPU
		{E08AFFCA-2A6C-4218-9AF2-A9A98D1AB467}.Debug|iPhoneSimulator.Build.0 = Debug|Any CPU
		{E08AFFCA-2A6C-4218-9AF2-A9A98D1AB467}.Release|iPhoneSimulator.ActiveCfg = Release|Any CPU
		{E08AFFCA-2A6C-4218-9AF2-A9A98D1AB467}.Release|iPhoneSimulator.Build.0 = Release|Any CPU
		{E08AFFCA-2A6C-4218-9AF2-A9A98D1AB467}.Debug|iPhone.ActiveCfg = Debug|Any CPU
		{E08AFFCA-2A6C-4218-9AF2-A9A98D1AB467}.Debug|iPhone.Build.0 = Debug|Any CPU
		{E08AFFCA-2A6C-4218-9AF2-A9A98D1AB467}.Release|iPhone.ActiveCfg = Release|Any CPU
		{E08AFFCA-2A6C-4218-9AF2-A9A98D1AB467}.Release|iPhone.Build.0 = Release|Any CPU
		{E08AFFCA-2A6C-4218-9AF2-A9A98D1AB467}.Ad-Hoc|iPhone.ActiveCfg = Debug|Any CPU
		{E08AFFCA-2A6C-4218-9AF2-A9A98D1AB467}.Ad-Hoc|iPhone.Build.0 = Debug|Any CPU
		{E08AFFCA-2A6C-4218-9AF2-A9A98D1AB467}.AppStore|iPhone.ActiveCfg = Debug|Any CPU
		{E08AFFCA-2A6C-4218-9AF2-A9A98D1AB467}.AppStore|iPhone.Build.0 = Debug|Any CPU
		{000034F2-EA52-46AC-8CD3-79A1A405A812}.Debug|Any CPU.ActiveCfg = Debug|iPhoneSimulator
		{000034F2-EA52-46AC-8CD3-79A1A405A812}.Debug|Any CPU.Build.0 = Debug|iPhoneSimulator
		{000034F2-EA52-46AC-8CD3-79A1A405A812}.Release|Any CPU.ActiveCfg = Release|iPhoneSimulator
		{000034F2-EA52-46AC-8CD3-79A1A405A812}.Release|Any CPU.Build.0 = Release|iPhoneSimulator
		{000034F2-EA52-46AC-8CD3-79A1A405A812}.Debug|iPhoneSimulator.ActiveCfg = Debug|iPhoneSimulator
		{000034F2-EA52-46AC-8CD3-79A1A405A812}.Debug|iPhoneSimulator.Build.0 = Debug|iPhoneSimulator
		{000034F2-EA52-46AC-8CD3-79A1A405A812}.Release|iPhoneSimulator.ActiveCfg = Release|iPhoneSimulator
		{000034F2-EA52-46AC-8CD3-79A1A405A812}.Release|iPhoneSimulator.Build.0 = Release|iPhoneSimulator
		{000034F2-EA52-46AC-8CD3-79A1A405A812}.Debug|iPhone.ActiveCfg = Debug|iPhone
		{000034F2-EA52-46AC-8CD3-79A1A405A812}.Debug|iPhone.Build.0 = Debug|iPhone
		{000034F2-EA52-46AC-8CD3-79A1A405A812}.Release|iPhone.ActiveCfg = Release|iPhone
		{000034F2-EA52-46AC-8CD3-79A1A405A812}.Release|iPhone.Build.0 = Release|iPhone
		{000034F2-EA52-46AC-8CD3-79A1A405A812}.Ad-Hoc|iPhone.ActiveCfg = Ad-Hoc|iPhone
		{000034F2-EA52-46AC-8CD3-79A1A405A812}.Ad-Hoc|iPhone.Build.0 = Ad-Hoc|iPhone
		{000034F2-EA52-46AC-8CD3-79A1A405A812}.AppStore|iPhone.ActiveCfg = AppStore|iPhone
		{000034F2-EA52-46AC-8CD3-79A1A405A812}.AppStore|iPhone.Build.0 = AppStore|iPhone
	EndGlobalSection
EndGlobal
